# This file is automatically @generated by Poetry and should not be changed by hand.

[[package]]
name = "attrs"
version = "22.1.0"
description = "Classes Without Boilerplate"
category = "main"
optional = false
python-versions = ">=3.5"
files = [
    {file = "attrs-22.1.0-py2.py3-none-any.whl", hash = "sha256:86efa402f67bf2df34f51a335487cf46b1ec130d02b8d39fd248abfd30da551c"},
    {file = "attrs-22.1.0.tar.gz", hash = "sha256:29adc2665447e5191d0e7c568fde78b21f9672d344281d0c6e1ab085429b22b6"},
]

[package.extras]
dev = ["cloudpickle", "coverage[toml] (>=5.0.2)", "furo", "hypothesis", "mypy (>=0.900,!=0.940)", "pre-commit", "pympler", "pytest (>=4.3.0)", "pytest-mypy-plugins", "sphinx", "sphinx-notfound-page", "zope.interface"]
docs = ["furo", "sphinx", "sphinx-notfound-page", "zope.interface"]
tests = ["cloudpickle", "coverage[toml] (>=5.0.2)", "hypothesis", "mypy (>=0.900,!=0.940)", "pympler", "pytest (>=4.3.0)", "pytest-mypy-plugins", "zope.interface"]
tests-no-zope = ["cloudpickle", "coverage[toml] (>=5.0.2)", "hypothesis", "mypy (>=0.900,!=0.940)", "pympler", "pytest (>=4.3.0)", "pytest-mypy-plugins"]

[[package]]
name = "certifi"
version = "2022.12.7"
description = "Python package for providing Mozilla's CA Bundle."
category = "main"
optional = false
python-versions = ">=3.6"
files = [
    {file = "certifi-2022.12.7-py3-none-any.whl", hash = "sha256:4ad3232f5e926d6718ec31cfc1fcadfde020920e278684144551c91769c7bc18"},
    {file = "certifi-2022.12.7.tar.gz", hash = "sha256:35824b4c3a97115964b408844d64aa14db1cc518f6562e8d7261699d1350a9e3"},
]

[[package]]
name = "click"
version = "8.1.3"
description = "Composable command line interface toolkit"
category = "main"
optional = false
python-versions = ">=3.7"
files = [
    {file = "click-8.1.3-py3-none-any.whl", hash = "sha256:bb4d8133cb15a609f44e8213d9b391b0809795062913b383c62be0ee95b1db48"},
    {file = "click-8.1.3.tar.gz", hash = "sha256:7682dc8afb30297001674575ea00d1814d808d6a36af415a82bd481d37ba7b8e"},
]

[package.dependencies]
colorama = {version = "*", markers = "platform_system == \"Windows\""}

[[package]]
name = "click-plugins"
version = "1.1.1"
description = "An extension module for click to enable registering CLI commands via setuptools entry-points."
category = "main"
optional = false
python-versions = "*"
files = [
    {file = "click-plugins-1.1.1.tar.gz", hash = "sha256:46ab999744a9d831159c3411bb0c79346d94a444df9a3a3742e9ed63645f264b"},
    {file = "click_plugins-1.1.1-py2.py3-none-any.whl", hash = "sha256:5d262006d3222f5057fd81e1623d4443e41dcda5dc815c06b442aa3c02889fc8"},
]

[package.dependencies]
click = ">=4.0"

[package.extras]
dev = ["coveralls", "pytest (>=3.6)", "pytest-cov", "wheel"]

[[package]]
name = "cligj"
version = "0.7.2"
description = "Click params for commmand line interfaces to GeoJSON"
category = "main"
optional = false
python-versions = ">=2.7, !=3.0.*, !=3.1.*, !=3.2.*, <4"
files = [
    {file = "cligj-0.7.2-py3-none-any.whl", hash = "sha256:c1ca117dbce1fe20a5809dc96f01e1c2840f6dcc939b3ddbb1111bf330ba82df"},
    {file = "cligj-0.7.2.tar.gz", hash = "sha256:a4bc13d623356b373c2c27c53dbd9c68cae5d526270bfa71f6c6fa69669c6b27"},
]

[package.dependencies]
click = ">=4.0"

[package.extras]
test = ["pytest-cov"]

[[package]]
name = "colorama"
version = "0.4.6"
description = "Cross-platform colored terminal text."
category = "main"
optional = false
python-versions = "!=3.0.*,!=3.1.*,!=3.2.*,!=3.3.*,!=3.4.*,!=3.5.*,!=3.6.*,>=2.7"
files = [
    {file = "colorama-0.4.6-py2.py3-none-any.whl", hash = "sha256:4f1d9991f5acc0ca119f9d443620b77f9d6b33703e51011c16baf57afb285fc6"},
    {file = "colorama-0.4.6.tar.gz", hash = "sha256:08695f5cb7ed6e0531a20572697297273c47b8cae5a63ffc6d6ed5c201be6e44"},
]

[[package]]
name = "fiona"
version = "1.8.22"
description = "Fiona reads and writes spatial data files"
category = "main"
optional = false
python-versions = "*"
files = [
    {file = "Fiona-1.8.22-cp310-cp310-macosx_10_10_x86_64.whl", hash = "sha256:59a3800bc09ebee3516d64d02a8a6818d07ab1573c6096f3ef3468bf9f8f95f8"},
    {file = "Fiona-1.8.22-cp310-cp310-manylinux_2_17_x86_64.manylinux2014_x86_64.whl", hash = "sha256:904793b17aee70ca9c3d582dbf01623eccfdeacd00c5e1a8e421be41f2e43d67"},
    {file = "Fiona-1.8.22-cp310-cp310-win_amd64.whl", hash = "sha256:df34c980cd7396adfbc89bbb363bdd6e358c76f91969fc98c9dfc076dd11638d"},
    {file = "Fiona-1.8.22-cp311-cp311-macosx_10_15_x86_64.whl", hash = "sha256:75924f69c51db6e258c91308780546278028c509db12aa33a47692a0266c9667"},
    {file = "Fiona-1.8.22-cp311-cp311-manylinux_2_17_x86_64.manylinux2014_x86_64.whl", hash = "sha256:e33860aaf70bbd2726cff12fd3857bd832b6dc2ad3ce4b27e7563bd68abdc26f"},
    {file = "Fiona-1.8.22-cp311-cp311-win_amd64.whl", hash = "sha256:18649326a7724611b16b648e14fd094089d517413b95ac91d0cdb0adc5fcb8de"},
    {file = "Fiona-1.8.22-cp36-cp36m-macosx_10_10_x86_64.whl", hash = "sha256:c4aafdd565b3a30bdd78cafae35d4945f6741eef31401c1bb1e166b6262d7539"},
    {file = "Fiona-1.8.22-cp36-cp36m-manylinux_2_17_x86_64.manylinux2014_x86_64.whl", hash = "sha256:3f26c8b6ea9bc92cbd52a4dd83ffd44472450bf92f4e3d4ef2341adc2f35a54d"},
    {file = "Fiona-1.8.22-cp36-cp36m-win_amd64.whl", hash = "sha256:c28d9ffa5d230a1d9eaf571529fa9eb7573d39613354c090ad077ad153a37ee1"},
    {file = "Fiona-1.8.22-cp37-cp37m-macosx_10_10_x86_64.whl", hash = "sha256:d47777890aa1d715025abc7a6d6b2a6bb8d2a37cc94c44ce95940b80eda21444"},
    {file = "Fiona-1.8.22-cp37-cp37m-manylinux2014_x86_64.whl", hash = "sha256:e3ed1c0c1c60f710a612aaeb294de54214d228c4ef40e0c1dc159e46f86a9446"},
    {file = "Fiona-1.8.22-cp37-cp37m-win_amd64.whl", hash = "sha256:ce9a22c9883cc5d11c05ba3fb9db5082044a07c6b299753ea5bb8e178b8ba53b"},
    {file = "Fiona-1.8.22-cp38-cp38-macosx_10_10_x86_64.whl", hash = "sha256:6ba2294bc6adcbc36229862667aac6b98e6c306e1958caf53b8bfcf9a3b8c77a"},
    {file = "Fiona-1.8.22-cp38-cp38-manylinux_2_17_x86_64.manylinux2014_x86_64.whl", hash = "sha256:b5cad3424b7473eb0e19f17ee45abec92133a694a4b452a278f02e3b8d0f810f"},
    {file = "Fiona-1.8.22-cp38-cp38-win_amd64.whl", hash = "sha256:b88e2e6548a41c1dfa3f96c8275ff472a3edca729e14a641c0fa5b2e146a8ab5"},
    {file = "Fiona-1.8.22-cp39-cp39-macosx_10_10_x86_64.whl", hash = "sha256:ed75dd29c89e0e455e3a322f28cd92f192bcb8fced16e2bfb6422a7f95ffe5e9"},
    {file = "Fiona-1.8.22-cp39-cp39-manylinux_2_17_x86_64.manylinux2014_x86_64.whl", hash = "sha256:89cfcc3bdb4aba7bba1eb552b3866b851334693ab694529803122b21f5927960"},
    {file = "Fiona-1.8.22-cp39-cp39-win_amd64.whl", hash = "sha256:d0df3e105ad7f0cca5f16b441c232fd693ef6c4adf2c1b6271aaaa1cdc06164d"},
    {file = "Fiona-1.8.22.tar.gz", hash = "sha256:a82a99ce9b3e7825740157c45c9fb2259d4e92f0a886aaac25f0db40ffe1eea3"},
]

[package.dependencies]
attrs = ">=17"
certifi = "*"
click = ">=4.0"
click-plugins = ">=1.0"
cligj = ">=0.5"
munch = "*"
setuptools = "*"
six = ">=1.7"

[package.extras]
all = ["boto3 (>=1.2.4)", "mock", "pytest (>=3)", "pytest-cov", "shapely"]
calc = ["shapely"]
s3 = ["boto3 (>=1.2.4)"]
test = ["boto3 (>=1.2.4)", "mock", "pytest (>=3)", "pytest-cov"]

[[package]]
name = "geopandas"
version = "0.12.2"
description = "Geographic pandas extensions"
category = "main"
optional = false
python-versions = ">=3.8"
files = [
    {file = "geopandas-0.12.2-py3-none-any.whl", hash = "sha256:0a470e4bf6f5367e6fd83ab6b40405e0b805c8174665bbcb7c4077ed90202912"},
    {file = "geopandas-0.12.2.tar.gz", hash = "sha256:0acdacddefa176525e4da6d9aeeece225da26055c4becdc6e97cf40fa97c27f4"},
]

[package.dependencies]
fiona = ">=1.8"
packaging = "*"
pandas = ">=1.0.0"
pyproj = ">=2.6.1.post1"
shapely = ">=1.7"

[[package]]
name = "munch"
version = "2.5.0"
description = "A dot-accessible dictionary (a la JavaScript objects)"
category = "main"
optional = false
python-versions = "*"
files = [
    {file = "munch-2.5.0-py2.py3-none-any.whl", hash = "sha256:6f44af89a2ce4ed04ff8de41f70b226b984db10a91dcc7b9ac2efc1c77022fdd"},
    {file = "munch-2.5.0.tar.gz", hash = "sha256:2d735f6f24d4dba3417fa448cae40c6e896ec1fdab6cdb5e6510999758a4dbd2"},
]

[package.dependencies]
six = "*"

[package.extras]
testing = ["astroid (>=1.5.3,<1.6.0)", "astroid (>=2.0)", "coverage", "pylint (>=1.7.2,<1.8.0)", "pylint (>=2.3.1,<2.4.0)", "pytest"]
yaml = ["PyYAML (>=5.1.0)"]

[[package]]
name = "numpy"
version = "1.23.5"
description = "NumPy is the fundamental package for array computing with Python."
category = "main"
optional = false
python-versions = ">=3.8"
files = [
    {file = "numpy-1.23.5-cp310-cp310-macosx_10_9_x86_64.whl", hash = "sha256:9c88793f78fca17da0145455f0d7826bcb9f37da4764af27ac945488116efe63"},
    {file = "numpy-1.23.5-cp310-cp310-macosx_11_0_arm64.whl", hash = "sha256:e9f4c4e51567b616be64e05d517c79a8a22f3606499941d97bb76f2ca59f982d"},
    {file = "numpy-1.23.5-cp310-cp310-manylinux_2_17_aarch64.manylinux2014_aarch64.whl", hash = "sha256:7903ba8ab592b82014713c491f6c5d3a1cde5b4a3bf116404e08f5b52f6daf43"},
    {file = "numpy-1.23.5-cp310-cp310-manylinux_2_17_x86_64.manylinux2014_x86_64.whl", hash = "sha256:5e05b1c973a9f858c74367553e236f287e749465f773328c8ef31abe18f691e1"},
    {file = "numpy-1.23.5-cp310-cp310-win32.whl", hash = "sha256:522e26bbf6377e4d76403826ed689c295b0b238f46c28a7251ab94716da0b280"},
    {file = "numpy-1.23.5-cp310-cp310-win_amd64.whl", hash = "sha256:dbee87b469018961d1ad79b1a5d50c0ae850000b639bcb1b694e9981083243b6"},
    {file = "numpy-1.23.5-cp311-cp311-macosx_10_9_x86_64.whl", hash = "sha256:ce571367b6dfe60af04e04a1834ca2dc5f46004ac1cc756fb95319f64c095a96"},
    {file = "numpy-1.23.5-cp311-cp311-macosx_11_0_arm64.whl", hash = "sha256:56e454c7833e94ec9769fa0f86e6ff8e42ee38ce0ce1fa4cbb747ea7e06d56aa"},
    {file = "numpy-1.23.5-cp311-cp311-manylinux_2_17_aarch64.manylinux2014_aarch64.whl", hash = "sha256:5039f55555e1eab31124a5768898c9e22c25a65c1e0037f4d7c495a45778c9f2"},
    {file = "numpy-1.23.5-cp311-cp311-manylinux_2_17_x86_64.manylinux2014_x86_64.whl", hash = "sha256:58f545efd1108e647604a1b5aa809591ccd2540f468a880bedb97247e72db387"},
    {file = "numpy-1.23.5-cp311-cp311-win32.whl", hash = "sha256:b2a9ab7c279c91974f756c84c365a669a887efa287365a8e2c418f8b3ba73fb0"},
    {file = "numpy-1.23.5-cp311-cp311-win_amd64.whl", hash = "sha256:0cbe9848fad08baf71de1a39e12d1b6310f1d5b2d0ea4de051058e6e1076852d"},
    {file = "numpy-1.23.5-cp38-cp38-macosx_10_9_x86_64.whl", hash = "sha256:f063b69b090c9d918f9df0a12116029e274daf0181df392839661c4c7ec9018a"},
    {file = "numpy-1.23.5-cp38-cp38-macosx_11_0_arm64.whl", hash = "sha256:0aaee12d8883552fadfc41e96b4c82ee7d794949e2a7c3b3a7201e968c7ecab9"},
    {file = "numpy-1.23.5-cp38-cp38-manylinux_2_17_aarch64.manylinux2014_aarch64.whl", hash = "sha256:92c8c1e89a1f5028a4c6d9e3ccbe311b6ba53694811269b992c0b224269e2398"},
    {file = "numpy-1.23.5-cp38-cp38-manylinux_2_17_x86_64.manylinux2014_x86_64.whl", hash = "sha256:d208a0f8729f3fb790ed18a003f3a57895b989b40ea4dce4717e9cf4af62c6bb"},
    {file = "numpy-1.23.5-cp38-cp38-win32.whl", hash = "sha256:06005a2ef6014e9956c09ba07654f9837d9e26696a0470e42beedadb78c11b07"},
    {file = "numpy-1.23.5-cp38-cp38-win_amd64.whl", hash = "sha256:ca51fcfcc5f9354c45f400059e88bc09215fb71a48d3768fb80e357f3b457e1e"},
    {file = "numpy-1.23.5-cp39-cp39-macosx_10_9_x86_64.whl", hash = "sha256:8969bfd28e85c81f3f94eb4a66bc2cf1dbdc5c18efc320af34bffc54d6b1e38f"},
    {file = "numpy-1.23.5-cp39-cp39-macosx_11_0_arm64.whl", hash = "sha256:a7ac231a08bb37f852849bbb387a20a57574a97cfc7b6cabb488a4fc8be176de"},
    {file = "numpy-1.23.5-cp39-cp39-manylinux_2_17_aarch64.manylinux2014_aarch64.whl", hash = "sha256:bf837dc63ba5c06dc8797c398db1e223a466c7ece27a1f7b5232ba3466aafe3d"},
    {file = "numpy-1.23.5-cp39-cp39-manylinux_2_17_x86_64.manylinux2014_x86_64.whl", hash = "sha256:33161613d2269025873025b33e879825ec7b1d831317e68f4f2f0f84ed14c719"},
    {file = "numpy-1.23.5-cp39-cp39-win32.whl", hash = "sha256:af1da88f6bc3d2338ebbf0e22fe487821ea4d8e89053e25fa59d1d79786e7481"},
    {file = "numpy-1.23.5-cp39-cp39-win_amd64.whl", hash = "sha256:09b7847f7e83ca37c6e627682f145856de331049013853f344f37b0c9690e3df"},
    {file = "numpy-1.23.5-pp38-pypy38_pp73-macosx_10_9_x86_64.whl", hash = "sha256:abdde9f795cf292fb9651ed48185503a2ff29be87770c3b8e2a14b0cd7aa16f8"},
    {file = "numpy-1.23.5-pp38-pypy38_pp73-manylinux_2_17_x86_64.manylinux2014_x86_64.whl", hash = "sha256:f9a909a8bae284d46bbfdefbdd4a262ba19d3bc9921b1e76126b1d21c3c34135"},
    {file = "numpy-1.23.5-pp38-pypy38_pp73-win_amd64.whl", hash = "sha256:01dd17cbb340bf0fc23981e52e1d18a9d4050792e8fb8363cecbf066a84b827d"},
    {file = "numpy-1.23.5.tar.gz", hash = "sha256:1b1766d6f397c18153d40015ddfc79ddb715cabadc04d2d228d4e5a8bc4ded1a"},
]

[[package]]
name = "packaging"
version = "22.0"
description = "Core utilities for Python packages"
category = "main"
optional = false
python-versions = ">=3.7"
files = [
    {file = "packaging-22.0-py3-none-any.whl", hash = "sha256:957e2148ba0e1a3b282772e791ef1d8083648bc131c8ab0c1feba110ce1146c3"},
    {file = "packaging-22.0.tar.gz", hash = "sha256:2198ec20bd4c017b8f9717e00f0c8714076fc2fd93816750ab48e2c41de2cfd3"},
]

[[package]]
name = "pandas"
version = "1.5.2"
description = "Powerful data structures for data analysis, time series, and statistics"
category = "main"
optional = false
python-versions = ">=3.8"
files = [
    {file = "pandas-1.5.2-cp310-cp310-macosx_10_9_universal2.whl", hash = "sha256:e9dbacd22555c2d47f262ef96bb4e30880e5956169741400af8b306bbb24a273"},
    {file = "pandas-1.5.2-cp310-cp310-macosx_10_9_x86_64.whl", hash = "sha256:e2b83abd292194f350bb04e188f9379d36b8dfac24dd445d5c87575f3beaf789"},
    {file = "pandas-1.5.2-cp310-cp310-macosx_11_0_arm64.whl", hash = "sha256:2552bffc808641c6eb471e55aa6899fa002ac94e4eebfa9ec058649122db5824"},
    {file = "pandas-1.5.2-cp310-cp310-manylinux_2_17_aarch64.manylinux2014_aarch64.whl", hash = "sha256:1fc87eac0541a7d24648a001d553406f4256e744d92df1df8ebe41829a915028"},
    {file = "pandas-1.5.2-cp310-cp310-manylinux_2_17_x86_64.manylinux2014_x86_64.whl", hash = "sha256:d0d8fd58df5d17ddb8c72a5075d87cd80d71b542571b5f78178fb067fa4e9c72"},
    {file = "pandas-1.5.2-cp310-cp310-win_amd64.whl", hash = "sha256:4aed257c7484d01c9a194d9a94758b37d3d751849c05a0050c087a358c41ad1f"},
    {file = "pandas-1.5.2-cp311-cp311-macosx_10_9_universal2.whl", hash = "sha256:375262829c8c700c3e7cbb336810b94367b9c4889818bbd910d0ecb4e45dc261"},
    {file = "pandas-1.5.2-cp311-cp311-macosx_10_9_x86_64.whl", hash = "sha256:cc3cd122bea268998b79adebbb8343b735a5511ec14efb70a39e7acbc11ccbdc"},
    {file = "pandas-1.5.2-cp311-cp311-macosx_11_0_arm64.whl", hash = "sha256:b4f5a82afa4f1ff482ab8ded2ae8a453a2cdfde2001567b3ca24a4c5c5ca0db3"},
    {file = "pandas-1.5.2-cp311-cp311-manylinux_2_17_aarch64.manylinux2014_aarch64.whl", hash = "sha256:8092a368d3eb7116e270525329a3e5c15ae796ccdf7ccb17839a73b4f5084a39"},
    {file = "pandas-1.5.2-cp311-cp311-manylinux_2_17_x86_64.manylinux2014_x86_64.whl", hash = "sha256:f6257b314fc14958f8122779e5a1557517b0f8e500cfb2bd53fa1f75a8ad0af2"},
    {file = "pandas-1.5.2-cp311-cp311-win_amd64.whl", hash = "sha256:82ae615826da838a8e5d4d630eb70c993ab8636f0eff13cb28aafc4291b632b5"},
    {file = "pandas-1.5.2-cp38-cp38-macosx_10_9_universal2.whl", hash = "sha256:457d8c3d42314ff47cc2d6c54f8fc0d23954b47977b2caed09cd9635cb75388b"},
    {file = "pandas-1.5.2-cp38-cp38-macosx_10_9_x86_64.whl", hash = "sha256:c009a92e81ce836212ce7aa98b219db7961a8b95999b97af566b8dc8c33e9519"},
    {file = "pandas-1.5.2-cp38-cp38-macosx_11_0_arm64.whl", hash = "sha256:71f510b0efe1629bf2f7c0eadb1ff0b9cf611e87b73cd017e6b7d6adb40e2b3a"},
    {file = "pandas-1.5.2-cp38-cp38-manylinux_2_17_aarch64.manylinux2014_aarch64.whl", hash = "sha256:a40dd1e9f22e01e66ed534d6a965eb99546b41d4d52dbdb66565608fde48203f"},
    {file = "pandas-1.5.2-cp38-cp38-manylinux_2_17_x86_64.manylinux2014_x86_64.whl", hash = "sha256:5ae7e989f12628f41e804847a8cc2943d362440132919a69429d4dea1f164da0"},
    {file = "pandas-1.5.2-cp38-cp38-win32.whl", hash = "sha256:530948945e7b6c95e6fa7aa4be2be25764af53fba93fe76d912e35d1c9ee46f5"},
    {file = "pandas-1.5.2-cp38-cp38-win_amd64.whl", hash = "sha256:73f219fdc1777cf3c45fde7f0708732ec6950dfc598afc50588d0d285fddaefc"},
    {file = "pandas-1.5.2-cp39-cp39-macosx_10_9_universal2.whl", hash = "sha256:9608000a5a45f663be6af5c70c3cbe634fa19243e720eb380c0d378666bc7702"},
    {file = "pandas-1.5.2-cp39-cp39-macosx_10_9_x86_64.whl", hash = "sha256:315e19a3e5c2ab47a67467fc0362cb36c7c60a93b6457f675d7d9615edad2ebe"},
    {file = "pandas-1.5.2-cp39-cp39-macosx_11_0_arm64.whl", hash = "sha256:e18bc3764cbb5e118be139b3b611bc3fbc5d3be42a7e827d1096f46087b395eb"},
    {file = "pandas-1.5.2-cp39-cp39-manylinux_2_17_aarch64.manylinux2014_aarch64.whl", hash = "sha256:0183cb04a057cc38fde5244909fca9826d5d57c4a5b7390c0cc3fa7acd9fa883"},
    {file = "pandas-1.5.2-cp39-cp39-manylinux_2_17_x86_64.manylinux2014_x86_64.whl", hash = "sha256:344021ed3e639e017b452aa8f5f6bf38a8806f5852e217a7594417fb9bbfa00e"},
    {file = "pandas-1.5.2-cp39-cp39-win32.whl", hash = "sha256:e7469271497960b6a781eaa930cba8af400dd59b62ec9ca2f4d31a19f2f91090"},
    {file = "pandas-1.5.2-cp39-cp39-win_amd64.whl", hash = "sha256:c218796d59d5abd8780170c937b812c9637e84c32f8271bbf9845970f8c1351f"},
    {file = "pandas-1.5.2.tar.gz", hash = "sha256:220b98d15cee0b2cd839a6358bd1f273d0356bf964c1a1aeb32d47db0215488b"},
]

[package.dependencies]
numpy = [
    {version = ">=1.20.3", markers = "python_version < \"3.10\""},
    {version = ">=1.21.0", markers = "python_version >= \"3.10\""},
    {version = ">=1.23.2", markers = "python_version >= \"3.11\""},
]
python-dateutil = ">=2.8.1"
pytz = ">=2020.1"

[package.extras]
test = ["hypothesis (>=5.5.3)", "pytest (>=6.0)", "pytest-xdist (>=1.31)"]

[[package]]
name = "pyproj"
version = "3.4.1"
description = "Python interface to PROJ (cartographic projections and coordinate transformations library)"
category = "main"
optional = false
python-versions = ">=3.8"
files = [
    {file = "pyproj-3.4.1-cp310-cp310-macosx_10_9_x86_64.whl", hash = "sha256:e463c687007861a9949909211986850cfc2e72930deda0d06449ef2e315db534"},
    {file = "pyproj-3.4.1-cp310-cp310-macosx_11_0_arm64.whl", hash = "sha256:2f87f16b902c8b2af007295c63a435f043db9e40bd45e6f96962c7b8cd08fdb5"},
    {file = "pyproj-3.4.1-cp310-cp310-manylinux_2_17_aarch64.manylinux2014_aarch64.whl", hash = "sha256:c60d112d8f1621a606b7f2adb0b1582f80498e663413d2ba9f5df1c93d99f432"},
    {file = "pyproj-3.4.1-cp310-cp310-manylinux_2_17_i686.manylinux2014_i686.whl", hash = "sha256:f38dea459e22e86326b1c7d47718a3e10c7a27910cf5eb86ea2679b8084d0c4e"},
    {file = "pyproj-3.4.1-cp310-cp310-manylinux_2_17_x86_64.manylinux2014_x86_64.whl", hash = "sha256:5a53acbde511a7a9e1873c7f93c68f35b8c3653467b77195fe18e847555dcb7a"},
    {file = "pyproj-3.4.1-cp310-cp310-win32.whl", hash = "sha256:0c7b32382ae22a9bf5b690d24c7b4c0fb89ba313c3a91ef1a8c54b50baf10954"},
    {file = "pyproj-3.4.1-cp310-cp310-win_amd64.whl", hash = "sha256:6bdac3bc1899fcc4021be06d303b342923fb8311fe06f8d862c348a1a0e78b41"},
    {file = "pyproj-3.4.1-cp311-cp311-macosx_10_9_x86_64.whl", hash = "sha256:cd9f9c409f465834988ce0aa8c1ed496081c6957f2e5ef40ed28de04397d3c0b"},
    {file = "pyproj-3.4.1-cp311-cp311-macosx_11_0_arm64.whl", hash = "sha256:0406f64ff59eb3342efb102c9f31536430aa5cde5ef0bfabd5aaccb73dd8cd5a"},
    {file = "pyproj-3.4.1-cp311-cp311-manylinux_2_17_aarch64.manylinux2014_aarch64.whl", hash = "sha256:a98fe3e53be428e67ae6a9ee9affff92346622e0e3ea0cbc15dce939b318d395"},
    {file = "pyproj-3.4.1-cp311-cp311-manylinux_2_17_i686.manylinux2014_i686.whl", hash = "sha256:0189fdd7aa789542a7a623010dfff066c5849b24397f81f860ec3ee085cbf55c"},
    {file = "pyproj-3.4.1-cp311-cp311-manylinux_2_17_x86_64.manylinux2014_x86_64.whl", hash = "sha256:5f3f75b030cf811f040c90a8758a20115e8746063e4cad0d0e941a4954d1219b"},
    {file = "pyproj-3.4.1-cp311-cp311-win32.whl", hash = "sha256:ef8c30c62fe4e386e523e14e1e83bd460f745bd2c8dfd0d0c327f9460c4d3c0c"},
    {file = "pyproj-3.4.1-cp311-cp311-win_amd64.whl", hash = "sha256:2d1e7f42da205e0534831ae9aa9cee0353ab8c1aab2c369474adbb060294d98a"},
    {file = "pyproj-3.4.1-cp38-cp38-macosx_10_9_x86_64.whl", hash = "sha256:a5eada965e8ac24e783f2493d1d9bcd11c5c93959bd43558224dd31d9faebd1c"},
    {file = "pyproj-3.4.1-cp38-cp38-macosx_11_0_arm64.whl", hash = "sha256:19f5de1a7c3b81b676d846350d4bdf2ae6af13b9a450d1881706f088ecad0e2c"},
    {file = "pyproj-3.4.1-cp38-cp38-manylinux_2_17_aarch64.manylinux2014_aarch64.whl", hash = "sha256:57ec7d2b7f2773d877927abc72e2229ef8530c09181be0e28217742bae1bc4f5"},
    {file = "pyproj-3.4.1-cp38-cp38-manylinux_2_17_i686.manylinux2014_i686.whl", hash = "sha256:a30d78e619dae5cd1bb69addae2f1e5f8ee1b4a8ab4f3d954e9eaf41948db506"},
    {file = "pyproj-3.4.1-cp38-cp38-manylinux_2_17_x86_64.manylinux2014_x86_64.whl", hash = "sha256:a32e1d12340ad93232b7ea4dc1a4f4b21fa9fa9efa4b293adad45be7af6b51ec"},
    {file = "pyproj-3.4.1-cp38-cp38-win32.whl", hash = "sha256:ce50126dad7cd4749ab86fc4c8b54ec0898149ce6710ab5c93c76a54a4afa249"},
    {file = "pyproj-3.4.1-cp38-cp38-win_amd64.whl", hash = "sha256:129234afa179c8293b010ea4f73655ff7b20b5afdf7fac170f223bcf0ed6defd"},
    {file = "pyproj-3.4.1-cp39-cp39-macosx_10_9_x86_64.whl", hash = "sha256:231c038c6b65395c41ae3362320f03ce8054cb54dc63556e605695e5d461a27e"},
    {file = "pyproj-3.4.1-cp39-cp39-macosx_11_0_arm64.whl", hash = "sha256:e9d82df555cf19001bac40e1de0e40fb762dec785685b77edd6993286c01b7f7"},
    {file = "pyproj-3.4.1-cp39-cp39-manylinux_2_17_aarch64.manylinux2014_aarch64.whl", hash = "sha256:e8c0d1ac9ef5a4d2e6501a4b30136c55f1e1db049d1626cc313855c4f97d196d"},
    {file = "pyproj-3.4.1-cp39-cp39-manylinux_2_17_i686.manylinux2014_i686.whl", hash = "sha256:97065fe82e80f7e2740e7897a0e36e8defc0a3614927f0276b4f1d1ea1ef66fa"},
    {file = "pyproj-3.4.1-cp39-cp39-manylinux_2_17_x86_64.manylinux2014_x86_64.whl", hash = "sha256:2bd633f3b8ca6eb09135dfaf06f09e2869deb139985aab26d728e8a60c9938b9"},
    {file = "pyproj-3.4.1-cp39-cp39-win32.whl", hash = "sha256:da96319b137cfd66f0bae0e300cdc77dd17af4785b9360a9bdddb1d7176a0bbb"},
    {file = "pyproj-3.4.1-cp39-cp39-win_amd64.whl", hash = "sha256:7aef19d5a0a3b2d6b17f7dc9a87af722e71139cd1eea7eb82ed062a8a4b0e272"},
    {file = "pyproj-3.4.1-pp38-pypy38_pp73-macosx_10_9_x86_64.whl", hash = "sha256:8078c90cea07d53e3406c7c84cbf76a2ac0ffc580c365f13801575486b9d558c"},
    {file = "pyproj-3.4.1-pp38-pypy38_pp73-manylinux_2_17_i686.manylinux2014_i686.whl", hash = "sha256:321b82210dc5271558573d0874b9967c5a25872a28d0168049ddabe8bfecffce"},
    {file = "pyproj-3.4.1-pp38-pypy38_pp73-manylinux_2_17_x86_64.manylinux2014_x86_64.whl", hash = "sha256:25a5425cd2a0b16f5f944d49165196eebaa60b898a08c404a644c29e6a7a04b3"},
    {file = "pyproj-3.4.1-pp39-pypy39_pp73-macosx_10_9_x86_64.whl", hash = "sha256:3d70ca5933cddbe6f51396006fb9fc78bc2b1f9d28775922453c4b04625a7efb"},
    {file = "pyproj-3.4.1-pp39-pypy39_pp73-manylinux_2_17_i686.manylinux2014_i686.whl", hash = "sha256:c240fe6bcb5c325b50fc967d5458d708412633f4f05fefc7fb14c14254ebf421"},
    {file = "pyproj-3.4.1-pp39-pypy39_pp73-manylinux_2_17_x86_64.manylinux2014_x86_64.whl", hash = "sha256:ef76abfee1a0676ef973470abe11e22998750f2bd944afaf76d44ad70b538c06"},
    {file = "pyproj-3.4.1.tar.gz", hash = "sha256:261eb29b1d55b1eb7f336127344d9b31284d950a9446d1e0d1c2411f7dd8e3ac"},
]

[package.dependencies]
certifi = "*"

[[package]]
name = "python-dateutil"
version = "2.8.2"
description = "Extensions to the standard Python datetime module"
category = "main"
optional = false
python-versions = "!=3.0.*,!=3.1.*,!=3.2.*,>=2.7"
files = [
    {file = "python-dateutil-2.8.2.tar.gz", hash = "sha256:0123cacc1627ae19ddf3c27a5de5bd67ee4586fbdd6440d9748f8abb483d3e86"},
    {file = "python_dateutil-2.8.2-py2.py3-none-any.whl", hash = "sha256:961d03dc3453ebbc59dbdea9e4e11c5651520a876d0f4db161e8674aae935da9"},
]

[package.dependencies]
six = ">=1.5"

[[package]]
name = "pytz"
version = "2022.6"
description = "World timezone definitions, modern and historical"
category = "main"
optional = false
python-versions = "*"
files = [
    {file = "pytz-2022.6-py2.py3-none-any.whl", hash = "sha256:222439474e9c98fced559f1709d89e6c9cbf8d79c794ff3eb9f8800064291427"},
    {file = "pytz-2022.6.tar.gz", hash = "sha256:e89512406b793ca39f5971bc999cc538ce125c0e51c27941bef4568b460095e2"},
]

[[package]]
name = "setuptools"
version = "65.6.3"
description = "Easily download, build, install, upgrade, and uninstall Python packages"
category = "main"
optional = false
python-versions = ">=3.7"
files = [
    {file = "setuptools-65.6.3-py3-none-any.whl", hash = "sha256:57f6f22bde4e042978bcd50176fdb381d7c21a9efa4041202288d3737a0c6a54"},
    {file = "setuptools-65.6.3.tar.gz", hash = "sha256:a7620757bf984b58deaf32fc8a4577a9bbc0850cf92c20e1ce41c38c19e5fb75"},
]

[package.extras]
docs = ["furo", "jaraco.packaging (>=9)", "jaraco.tidelift (>=1.4)", "pygments-github-lexers (==0.0.5)", "rst.linker (>=1.9)", "sphinx (>=3.5)", "sphinx-favicon", "sphinx-hoverxref (<2)", "sphinx-inline-tabs", "sphinx-notfound-page (==0.8.3)", "sphinx-reredirects", "sphinxcontrib-towncrier"]
testing = ["build[virtualenv]", "filelock (>=3.4.0)", "flake8 (<5)", "flake8-2020", "ini2toml[lite] (>=0.9)", "jaraco.envs (>=2.2)", "jaraco.path (>=3.2.0)", "pip (>=19.1)", "pip-run (>=8.8)", "pytest (>=6)", "pytest-black (>=0.3.7)", "pytest-checkdocs (>=2.4)", "pytest-cov", "pytest-enabler (>=1.3)", "pytest-flake8", "pytest-mypy (>=0.9.1)", "pytest-perf", "pytest-timeout", "pytest-xdist", "tomli-w (>=1.0.0)", "virtualenv (>=13.0.0)", "wheel"]
testing-integration = ["build[virtualenv]", "filelock (>=3.4.0)", "jaraco.envs (>=2.2)", "jaraco.path (>=3.2.0)", "pytest", "pytest-enabler", "pytest-xdist", "tomli", "virtualenv (>=13.0.0)", "wheel"]

[[package]]
name = "shapely"
version = "2.0.0"
description = "Manipulation and analysis of geometric objects"
category = "main"
optional = false
python-versions = ">=3.7"
files = [
    {file = "shapely-2.0.0-cp310-cp310-macosx_10_9_universal2.whl", hash = "sha256:7266080d39946395ba4b31fa35b9b7695e0a4e38ccabf0c67e2936caf9f9b054"},
    {file = "shapely-2.0.0-cp310-cp310-macosx_10_9_x86_64.whl", hash = "sha256:8a7ba97c97d85c1f07c57f9524c45128ef2bf8279061945d78052c78862b357f"},
    {file = "shapely-2.0.0-cp310-cp310-macosx_11_0_arm64.whl", hash = "sha256:e4ed31658fd0799eaa3569982aab1a5bc8fcf25ec196606bf137ee4fa984be88"},
    {file = "shapely-2.0.0-cp310-cp310-manylinux_2_17_aarch64.manylinux2014_aarch64.whl", hash = "sha256:7b2c41514ba985ea3772eee9b386d620784cccb7a459a270a072f3ef01fdd807"},
    {file = "shapely-2.0.0-cp310-cp310-manylinux_2_17_x86_64.manylinux2014_x86_64.whl", hash = "sha256:eab24b60ae96b7375adceb1f120be818c59bd69db0f3540dc89527d8a371d253"},
    {file = "shapely-2.0.0-cp310-cp310-win32.whl", hash = "sha256:d28e19791c9be2ba1cb2fddefa86f73364bdf8334e88dbcd78a8e4494c0af66b"},
    {file = "shapely-2.0.0-cp310-cp310-win_amd64.whl", hash = "sha256:b3d97f3ce6df47ca68c2d64b8c3cfa5c8ccc0fbc81ef8e15ff6004a6426e71b1"},
    {file = "shapely-2.0.0-cp311-cp311-macosx_10_9_universal2.whl", hash = "sha256:56c0e70749f8c2956493e9333375d2e2264ce25c838fc49c3a2ececbf2d3ba92"},
    {file = "shapely-2.0.0-cp311-cp311-macosx_10_9_x86_64.whl", hash = "sha256:292c22ff7806e3a25bc4324295e9204169c61a09165d4c9ee0a9784c1709c85e"},
    {file = "shapely-2.0.0-cp311-cp311-macosx_11_0_arm64.whl", hash = "sha256:40c397d67ba609a163d38b649eee2b06c5f9bdc86d244a8e4cd09c6e2791cf3c"},
    {file = "shapely-2.0.0-cp311-cp311-manylinux_2_17_aarch64.manylinux2014_aarch64.whl", hash = "sha256:6c71738702cf5c3fc60b3bbe869c321b053ea754f57addded540a71c78c2612e"},
    {file = "shapely-2.0.0-cp311-cp311-manylinux_2_17_i686.manylinux2014_i686.whl", hash = "sha256:73d605fcefd06ee997ba307ef363448d355f3c3e81b3f56ed332eaf6d506e1b5"},
    {file = "shapely-2.0.0-cp311-cp311-manylinux_2_17_x86_64.manylinux2014_x86_64.whl", hash = "sha256:13a9f978cd287e0fa95f39904a2bb36deddab490e4fab8bf43eba01b7d9eb58f"},
    {file = "shapely-2.0.0-cp311-cp311-win32.whl", hash = "sha256:ef98fec4a3aca6d33e3b9fdd680fe513cc7d1c6aedc65ada8a3965601d9d4bcf"},
    {file = "shapely-2.0.0-cp311-cp311-win_amd64.whl", hash = "sha256:a9b6651812f2caa23e4d06bc06a2ed34450f82cb1c110c170a25b01bbb090895"},
    {file = "shapely-2.0.0-cp37-cp37m-macosx_10_9_x86_64.whl", hash = "sha256:e991ad155783cd0830b895ec8f310fde9e79a7b283776b889a751fb1e7c819fc"},
    {file = "shapely-2.0.0-cp37-cp37m-manylinux_2_17_aarch64.manylinux2014_aarch64.whl", hash = "sha256:550f110940d79931b6a12a17de07f6b158c9586c4b121f885af11458ae5626d7"},
    {file = "shapely-2.0.0-cp37-cp37m-manylinux_2_17_i686.manylinux2014_i686.whl", hash = "sha256:c47a61b1cd0c5b064c6d912bce7dba78c01f319f65ecccd6e61eecd21861a37a"},
    {file = "shapely-2.0.0-cp37-cp37m-manylinux_2_17_x86_64.manylinux2014_x86_64.whl", hash = "sha256:d486cab823f0a978964ae97ca10564ea2b2ced93e84a2ef0b7b62cbacec9d3d2"},
    {file = "shapely-2.0.0-cp37-cp37m-win32.whl", hash = "sha256:de3722c68e49fbde8cb6859695bbb8fb9a4d48bbdf34fcf38b7994d2bd9772e2"},
    {file = "shapely-2.0.0-cp37-cp37m-win_amd64.whl", hash = "sha256:99420c89af78f371b96f0e2bad9afdebc6d0707d4275d157101483e4c4049fd6"},
    {file = "shapely-2.0.0-cp38-cp38-macosx_10_9_universal2.whl", hash = "sha256:f96b24da0242791cd6042f6caf074e7a4537a66ca2d1b57d423feb98ba901295"},
    {file = "shapely-2.0.0-cp38-cp38-macosx_10_9_x86_64.whl", hash = "sha256:8b9f780c3b79b4a6501e0e8833b1877841b7b0e0a243e77b529fda8f1030afc2"},
    {file = "shapely-2.0.0-cp38-cp38-macosx_11_0_arm64.whl", hash = "sha256:21ba32a6c45b7f8ab7d2d8d5cf339704e2d1dfdf3e2fb465b950a0c9bc894a4f"},
    {file = "shapely-2.0.0-cp38-cp38-manylinux_2_17_aarch64.manylinux2014_aarch64.whl", hash = "sha256:44198fc188fe4b7dd39ef0fd325395d1d6ab0c29a7bbaa15663a16c362bf6f62"},
    {file = "shapely-2.0.0-cp38-cp38-manylinux_2_17_i686.manylinux2014_i686.whl", hash = "sha256:17d0f89581aa15f7887052a6adf2753f9fe1c3fdbb6116653972e0d43e720e65"},
    {file = "shapely-2.0.0-cp38-cp38-manylinux_2_17_x86_64.manylinux2014_x86_64.whl", hash = "sha256:f69c418f2040c8593e33b1aba8f2acf890804b073b817535b5d291139d152af5"},
    {file = "shapely-2.0.0-cp38-cp38-win32.whl", hash = "sha256:b1def13ec2a74ebda2210d2fc1c53cecce5a079ec90f341101399427874507f1"},
    {file = "shapely-2.0.0-cp38-cp38-win_amd64.whl", hash = "sha256:820bee508e4a0e564db22f8b55bb5e6e7f326d8d7c103639c42f5d3f378f4067"},
    {file = "shapely-2.0.0-cp39-cp39-macosx_10_9_universal2.whl", hash = "sha256:eaea9ddee706654026a84aceb9a3156105917bab3de58fcf150343f847478202"},
    {file = "shapely-2.0.0-cp39-cp39-macosx_10_9_x86_64.whl", hash = "sha256:a391cae931976fb6d8d15a4f4a92006358e93486454a812dde1d64184041a476"},
    {file = "shapely-2.0.0-cp39-cp39-macosx_11_0_arm64.whl", hash = "sha256:5fe8649aafe6adcb4d90f7f735f06ca8ca02a16da273d901f1dd02afc0d3618e"},
    {file = "shapely-2.0.0-cp39-cp39-manylinux_2_17_aarch64.manylinux2014_aarch64.whl", hash = "sha256:2287d0cb592c1814e9f48065888af7ee3f13e090e6f7fa3e208b06a83fb2f6af"},
    {file = "shapely-2.0.0-cp39-cp39-manylinux_2_17_i686.manylinux2014_i686.whl", hash = "sha256:c4b99a3456e06dc55482569669ece969cdab311f2ad2a1d5622fc770f68cf3cd"},
    {file = "shapely-2.0.0-cp39-cp39-manylinux_2_17_x86_64.manylinux2014_x86_64.whl", hash = "sha256:91bbca0378eb82f0808f0e59150ac0952086f4caaab87ad8515a5e55e896c21e"},
    {file = "shapely-2.0.0-cp39-cp39-win32.whl", hash = "sha256:73771b3f65c2949cce0b310b9b62b8ce069407ceb497a9dd4436f9a4d059f12c"},
    {file = "shapely-2.0.0-cp39-cp39-win_amd64.whl", hash = "sha256:5477be8c11bf3109f7b804bb2d57536538b8d0a6118207f1020d71338f1a827c"},
    {file = "shapely-2.0.0.tar.gz", hash = "sha256:11f1b1231a6c04213fb1226c6968d1b1b3b369ec42d1e9655066af87631860ea"},
]

[package.dependencies]
numpy = ">=1.14"

[package.extras]
docs = ["matplotlib", "numpydoc (>=1.1.0,<1.2.0)", "sphinx", "sphinx-book-theme", "sphinx-remove-toctrees"]
test = ["pytest", "pytest-cov"]

[[package]]
name = "six"
version = "1.16.0"
description = "Python 2 and 3 compatibility utilities"
category = "main"
optional = false
python-versions = ">=2.7, !=3.0.*, !=3.1.*, !=3.2.*"
files = [
    {file = "six-1.16.0-py2.py3-none-any.whl", hash = "sha256:8abb2f1d86890a2dfb989f9a77cfcfd3e47c2a354b01111771326f8aa26e0254"},
    {file = "six-1.16.0.tar.gz", hash = "sha256:1e61c37477a1626458e36f7b1d82aa5c9b094fa4802892072e49de9c60c4c926"},
]

[metadata]
lock-version = "2.0"
python-versions = "^3.9"
content-hash = "3e9e9dfe02d12e7ce6c3a5ab2a46b2541313ea2366833629dbb8f17f30958f33"
